
Microsoft Visual Studio Solution File, Format Version 12.00
# Visual Studio 15
VisualStudioVersion = 15.0.28307.329
MinimumVisualStudioVersion = 10.0.40219.1
Project("{8BC9CEB8-8B4A-11D0-8D11-00A0C91BC942}") = "OpenGL_Projects_CSM", "OpenGL_Projects_CSM\OpenGL_Projects_CSM.vcxproj", "{C797683A-4310-4BC8-9980-58BF9C45BE86}"
EndProject
Global
	GlobalSection(SolutionConfigurationPlatforms) = preSolution
		Debug|x64 = Debug|x64
		Debug|x86 = Debug|x86
		Release|x64 = Release|x64
		Release|x86 = Release|x86
	EndGlobalSection
	GlobalSection(ProjectConfigurationPlatforms) = postSolution
		{C797683A-4310-4BC8-9980-58BF9C45BE86}.Debug|x64.ActiveCfg = Debug|x64
		{C797683A-4310-4BC8-9980-58BF9C45BE86}.Debug|x64.Build.0 = Debug|x64
		{C797683A-4310-4BC8-9980-58BF9C45BE86}.Debug|x86.ActiveCfg = Debug|Win32
		{C797683A-4310-4BC8-9980-58BF9C45BE86}.Debug|x86.Build.0 = Debug|Win32
		{C797683A-4310-4BC8-9980-58BF9C45BE86}.Release|x64.ActiveCfg = Release|x64
		{C797683A-4310-4BC8-9980-58BF9C45BE86}.Release|x64.Build.0 = Release|x64
		{C797683A-4310-4BC8-9980-58BF9C45BE86}.Release|x86.ActiveCfg = Release|Win32
		{C797683A-4310-4BC8-9980-58BF9C45BE86}.Release|x86.Build.0 = Release|Win32
	EndGlobalSection
	GlobalSection(SolutionProperties) = preSolution
		HideSolutionNode = FALSE
	EndGlobalSection
	GlobalSection(ExtensibilityGlobals) = postSolution
		SolutionGuid = {79A7620D-4868-461D-923D-4A046CFC8330}
	EndGlobalSection
EndGlobal
